{
  "name": "ddn-aob",
  "version": "1.0.0",
  "lockfileVersion": 1,
  "requires": true,
  "dependencies": {
    "async": {
      "version": "2.6.1",
      "resolved": "https://registry.npmjs.org/async/-/async-2.6.1.tgz",
      "integrity": "sha512-fNEiL2+AZt6AlAw/29Cr0UDe4sRAHCpEHh54WMz+Bb7QfNcFw4h3loofyJpLeQs4Yx7yuqu/2dLgM5hKOs6HlQ==",
      "requires": {
        "lodash": "^4.17.10"
      }
    },
    "bignum-utils": {
      "version": "git+ssh://git@git.ebookchain.net:ddn/bignum_utils.git#8225ae44b54d0d5d6f92ad9e6ae42553b361a242",
      "from": "git+ssh://git@git.ebookchain.net:ddn/bignum_utils.git",
      "requires": {
        "bignumber.js": "^7.2.1"
      }
    },
    "bignumber.js": {
      "version": "7.2.1",
      "resolved": "https://registry.npmjs.org/bignumber.js/-/bignumber.js-7.2.1.tgz",
      "integrity": "sha512-S4XzBk5sMB+Rcb/LNcpzXr57VRTxgAvaAEDAl1AwRx27j00hT84O6OkteE7u8UB3NuaaygCRrEpqox4uDOrbdQ=="
    },
    "bytebuffer": {
      "version": "5.0.1",
      "resolved": "https://registry.npmjs.org/bytebuffer/-/bytebuffer-5.0.1.tgz",
      "integrity": "sha1-WC7qSxqHO20CCkjVjfhfC7ps/d0=",
      "requires": {
        "long": "~3"
      }
    },
    "complex.js": {
      "version": "2.0.11",
      "resolved": "https://registry.npmjs.org/complex.js/-/complex.js-2.0.11.tgz",
      "integrity": "sha512-6IArJLApNtdg1P1dFtn3dnyzoZBEF0MwMnrfF1exSBRpZYoy4yieMkpZhQDC0uwctw48vii0CFVyHfpgZ/DfGw=="
    },
    "ddn-asset-base": {
      "version": "git+ssh://git@git.ebookchain.net:ddn/ddn-asset-base.git#217501b667ed58f05a21b6f6cea46d3ec3b172d0",
      "from": "git+ssh://git@git.ebookchain.net:ddn/ddn-asset-base.git",
      "requires": {
        "bignum-utils": "git+ssh://git@git.ebookchain.net:ddn/bignum_utils.git#8225ae44b54d0d5d6f92ad9e6ae42553b361a242",
        "bytebuffer": "^5.0.1"
      },
      "dependencies": {
        "bignum-utils": {
          "version": "git+ssh://git@git.ebookchain.net:ddn/bignum_utils.git#8225ae44b54d0d5d6f92ad9e6ae42553b361a242",
          "from": "git+ssh://git@git.ebookchain.net:ddn/bignum_utils.git",
          "requires": {
            "bignumber.js": "^7.2.1"
          }
        }
      }
    },
    "ddn-utils": {
      "version": "git+ssh://git@git.ebookchain.net:ddn/ddn-utils.git#05ae70d160fa3900046f9e292326207dbafe8b53",
      "from": "git+ssh://git@git.ebookchain.net:ddn/ddn-utils.git",
      "requires": {
        "bignum-utils": "git+ssh://git@git.ebookchain.net:ddn/bignum_utils.git#8225ae44b54d0d5d6f92ad9e6ae42553b361a242"
      },
      "dependencies": {
        "bignum-utils": {
          "version": "git+ssh://git@git.ebookchain.net:ddn/bignum_utils.git#8225ae44b54d0d5d6f92ad9e6ae42553b361a242",
          "from": "git+ssh://git@git.ebookchain.net:ddn/bignum_utils.git",
          "requires": {
            "bignumber.js": "^7.2.1"
          }
        }
      }
    },
    "decimal.js": {
      "version": "10.0.1",
      "resolved": "https://registry.npmjs.org/decimal.js/-/decimal.js-10.0.1.tgz",
      "integrity": "sha512-vklWB5C4Cj423xnaOtsUmAv0/7GqlXIgDv2ZKDyR64OV3OSzGHNx2mk4p/1EKnB5s70k73cIOOEcG9YzF0q4Lw=="
    },
    "escape-latex": {
      "version": "1.2.0",
      "resolved": "https://registry.npmjs.org/escape-latex/-/escape-latex-1.2.0.tgz",
      "integrity": "sha512-nV5aVWW1K0wEiUIEdZ4erkGGH8mDxGyxSeqPzRNtWP7ataw+/olFObw7hujFWlVjNsaDFw5VZ5NzVSIqRgfTiw=="
    },
    "fraction.js": {
      "version": "4.0.11",
      "resolved": "https://registry.npmjs.org/fraction.js/-/fraction.js-4.0.11.tgz",
      "integrity": "sha512-wyQd1A06dTom7vTkf8OsnqXNi5XjleeaDFrvQX3SDIyMsVN1eb8KSGH3fsckF5FMlSWBrMfDCcJWVf99rXbf/g=="
    },
    "javascript-natural-sort": {
      "version": "0.7.1",
      "resolved": "https://registry.npmjs.org/javascript-natural-sort/-/javascript-natural-sort-0.7.1.tgz",
      "integrity": "sha1-+eIwPUUH9tdDVac2ZNFED7Wg71k="
    },
    "lodash": {
      "version": "4.17.11",
      "resolved": "https://registry.npmjs.org/lodash/-/lodash-4.17.11.tgz",
      "integrity": "sha512-cQKh8igo5QUhZ7lg38DYWAxMvjSAKG0A8wGSVimP07SIUEK2UO+arSRKbRZWtelMtN5V0Hkwh5ryOto/SshYIg=="
    },
    "long": {
      "version": "3.2.0",
      "resolved": "https://registry.npmjs.org/long/-/long-3.2.0.tgz",
      "integrity": "sha1-2CG3E4yhy1gcFymQ7xTbIAtcR0s="
    },
    "mathjs": {
      "version": "5.4.0",
      "resolved": "https://registry.npmjs.org/mathjs/-/mathjs-5.4.0.tgz",
      "integrity": "sha512-dhoFsi9SUR5IwUlDRq1KyP/2MhYo5yL8nROx7w0wlHF/yc7h5gAR4P7GRVt5mBBPliRYTLc63wsFVOigJ3YSEg==",
      "requires": {
        "complex.js": "2.0.11",
        "decimal.js": "10.0.1",
        "escape-latex": "1.2.0",
        "fraction.js": "4.0.11",
        "javascript-natural-sort": "0.7.1",
        "seed-random": "2.2.0",
        "tiny-emitter": "2.0.2",
        "typed-function": "1.1.0"
      }
    },
    "seed-random": {
      "version": "2.2.0",
      "resolved": "https://registry.npmjs.org/seed-random/-/seed-random-2.2.0.tgz",
      "integrity": "sha1-KpsZ4lCoFwmSMaW5mk2vgLf77VQ="
    },
    "tiny-emitter": {
      "version": "2.0.2",
      "resolved": "https://registry.npmjs.org/tiny-emitter/-/tiny-emitter-2.0.2.tgz",
      "integrity": "sha512-2NM0auVBGft5tee/OxP4PI3d8WItkDM+fPnaRAVo6xTDI2knbz9eC5ArWGqtGlYqiH3RU5yMpdyTTO7MguC4ow=="
    },
    "typed-function": {
      "version": "1.1.0",
      "resolved": "https://registry.npmjs.org/typed-function/-/typed-function-1.1.0.tgz",
      "integrity": "sha512-TuQzwiT4DDg19beHam3E66oRXhyqlyfgjHB/5fcvsRXbfmWPJfto9B4a0TBdTrQAPGlGmXh/k7iUI+WsObgORA=="
    },
    "underscore": {
      "version": "1.9.1",
      "resolved": "https://registry.npmjs.org/underscore/-/underscore-1.9.1.tgz",
      "integrity": "sha512-5/4etnCkd9c8gwgowi5/om/mYO5ajCaOgdzj/oW+0eQV9WxKBDZw5+ycmKmeaTXjInS/W0BzpGLo2xR2aBwZdg=="
    }
  }
}
