{
  "name": "ddn-utils",
  "version": "1.0.0",
  "lockfileVersion": 1,
  "requires": true,
  "dependencies": {
    "bignum-utils": {
      "version": "git+ssh://git@git.ebookchain.net:ddn/bignum_utils.git#8225ae44b54d0d5d6f92ad9e6ae42553b361a242",
      "requires": {
        "bignumber.js": "7.2.1"
      }
    },
    "bignumber.js": {
      "version": "7.2.1",
      "resolved": "https://registry.npmjs.org/bignumber.js/-/bignumber.js-7.2.1.tgz",
      "integrity": "sha512-S4XzBk5sMB+Rcb/LNcpzXr57VRTxgAvaAEDAl1AwRx27j00hT84O6OkteE7u8UB3NuaaygCRrEpqox4uDOrbdQ=="
    }
  }
}
