{
  "name": "ddn-dao",
  "version": "1.0.0",
  "lockfileVersion": 1,
  "requires": true,
  "dependencies": {
    "bignum-utils": {
      "version": "git+ssh://git@git.ebookchain.net:ddn/bignum_utils.git#8225ae44b54d0d5d6f92ad9e6ae42553b361a242",
      "from": "git+ssh://git@git.ebookchain.net:ddn/bignum_utils.git",
      "requires": {
        "bignumber.js": "^7.2.1"
      }
    },
    "bignumber.js": {
      "version": "7.2.1",
      "resolved": "http://r.cnpmjs.org/bignumber.js/download/bignumber.js-7.2.1.tgz",
      "integrity": "sha1-gMBIdZ2CaACAfEv9Uh5Q7bulel8="
    },
    "bytebuffer": {
      "version": "5.0.1",
      "resolved": "http://r.cnpmjs.org/bytebuffer/download/bytebuffer-5.0.1.tgz",
      "integrity": "sha1-WC7qSxqHO20CCkjVjfhfC7ps/d0=",
      "requires": {
        "long": "~3"
      }
    },
    "ddn-asset-base": {
      "version": "git+ssh://git@git.ebookchain.net:ddn/ddn-asset-base.git#d0cc1295d34d9f2c7f78fa5bc2e09254d928eac7",
      "from": "git+ssh://git@git.ebookchain.net:ddn/ddn-asset-base.git",
      "requires": {
        "bignum-utils": "git+ssh://git@git.ebookchain.net:ddn/bignum_utils.git",
        "bytebuffer": "^5.0.1"
      }
    },
    "ddn-utils": {
      "version": "git+ssh://git@git.ebookchain.net:ddn/ddn-utils.git#2702525cd8e9c0e0af7a4829ebed6cd3eb24bc7f",
      "from": "git+ssh://git@git.ebookchain.net:ddn/ddn-utils.git",
      "requires": {
        "bignum-utils": "git+ssh://git@git.ebookchain.net:ddn/bignum_utils.git"
      }
    },
    "long": {
      "version": "3.2.0",
      "resolved": "http://r.cnpmjs.org/long/download/long-3.2.0.tgz",
      "integrity": "sha1-2CG3E4yhy1gcFymQ7xTbIAtcR0s="
    }
  }
}
